
Microsoft Visual Studio Solution File, Format Version 12.00
# Visual Studio Version 17
VisualStudioVersion = 17.1.32407.343
MinimumVisualStudioVersion = 10.0.40219.1
Project("{8BC9CEB8-8B4A-11D0-8D11-00A0C91BC942}") = "Lab_2_Spencer_Thomas", "Lab_2_Spencer_Thomas\Lab_2_Spencer_Thomas.vcxproj", "{BE384786-7D00-4698-820A-CAC6CEF4B081}"
EndProject
Global
	GlobalSection(SolutionConfigurationPlatforms) = preSolution
		Debug|x64 = Debug|x64
		Debug|x86 = Debug|x86
		Release|x64 = Release|x64
		Release|x86 = Release|x86
	EndGlobalSection
	GlobalSection(ProjectConfigurationPlatforms) = postSolution
		{BE384786-7D00-4698-820A-CAC6CEF4B081}.Debug|x64.ActiveCfg = Debug|x64
		{BE384786-7D00-4698-820A-CAC6CEF4B081}.Debug|x64.Build.0 = Debug|x64
		{BE384786-7D00-4698-820A-CAC6CEF4B081}.Debug|x86.ActiveCfg = Debug|Win32
		{BE384786-7D00-4698-820A-CAC6CEF4B081}.Debug|x86.Build.0 = Debug|Win32
		{BE384786-7D00-4698-820A-CAC6CEF4B081}.Release|x64.ActiveCfg = Release|x64
		{BE384786-7D00-4698-820A-CAC6CEF4B081}.Release|x64.Build.0 = Release|x64
		{BE384786-7D00-4698-820A-CAC6CEF4B081}.Release|x86.ActiveCfg = Release|Win32
		{BE384786-7D00-4698-820A-CAC6CEF4B081}.Release|x86.Build.0 = Release|Win32
	EndGlobalSection
	GlobalSection(SolutionProperties) = preSolution
		HideSolutionNode = FALSE
	EndGlobalSection
	GlobalSection(ExtensibilityGlobals) = postSolution
		SolutionGuid = {1641362F-8124-46D1-99FE-B061AF56BC5D}
	EndGlobalSection
EndGlobal
